// !$*UTF8*$!
{
	archiveVersion = 1;
	classes = {
	};
	objectVersion = 46;
	objects = {

/* Begin PBXBuildFile section */
		6003F58E195388D20070C39A /* Foundation.framework in Frameworks */ = {isa = PBXBuildFile; fileRef = 6003F58D195388D20070C39A /* Foundation.framework */; };
		6003F590195388D20070C39A /* CoreGraphics.framework in Frameworks */ = {isa = PBXBuildFile; fileRef = 6003F58F195388D20070C39A /* CoreGraphics.framework */; };
		6003F592195388D20070C39A /* UIKit.framework in Frameworks */ = {isa = PBXBuildFile; fileRef = 6003F591195388D20070C39A /* UIKit.framework */; };
		6003F598195388D20070C39A /* InfoPlist.strings in Resources */ = {isa = PBXBuildFile; fileRef = 6003F596195388D20070C39A /* InfoPlist.strings */; };
		6003F59A195388D20070C39A /* main.m in Sources */ = {isa = PBXBuildFile; fileRef = 6003F599195388D20070C39A /* main.m */; };
		6003F59E195388D20070C39A /* DRDAppDelegate.m in Sources */ = {isa = PBXBuildFile; fileRef = 6003F59D195388D20070C39A /* DRDAppDelegate.m */; };
		6003F5A7195388D20070C39A /* DRDViewController.m in Sources */ = {isa = PBXBuildFile; fileRef = 6003F5A6195388D20070C39A /* DRDViewController.m */; };
		6003F5A9195388D20070C39A /* Images.xcassets in Resources */ = {isa = PBXBuildFile; fileRef = 6003F5A8195388D20070C39A /* Images.xcassets */; };
		832B2D539199818CDE594153 /* libPods-DurandalNetworking_Example.a in Frameworks */ = {isa = PBXBuildFile; fileRef = F1D303479C4B0844B0D8DA6D /* libPods-DurandalNetworking_Example.a */; };
		873B8AEB1B1F5CCA007FD442 /* Main.storyboard in Resources */ = {isa = PBXBuildFile; fileRef = 873B8AEA1B1F5CCA007FD442 /* Main.storyboard */; };
		F446297A1C465E5400D60E8C /* DRDAPIBatchRequestsTest.m in Sources */ = {isa = PBXBuildFile; fileRef = F44629791C465E5400D60E8C /* DRDAPIBatchRequestsTest.m */; };
		F446297C1C469A8700D60E8C /* DRDBaseAPITest.m in Sources */ = {isa = PBXBuildFile; fileRef = F446297B1C469A8700D60E8C /* DRDBaseAPITest.m */; };
		F44629821C46AAEF00D60E8C /* DRDJSONRPCTest.m in Sources */ = {isa = PBXBuildFile; fileRef = F44629811C46AAEF00D60E8C /* DRDJSONRPCTest.m */; };
		F44629881C47404300D60E8C /* DRDJsonRpcVersionTwo.m in Sources */ = {isa = PBXBuildFile; fileRef = F44629871C47404300D60E8C /* DRDJsonRpcVersionTwo.m */; };
		F446298B1C47487E00D60E8C /* DRDJSONRPCViewController.m in Sources */ = {isa = PBXBuildFile; fileRef = F446298A1C47487E00D60E8C /* DRDJSONRPCViewController.m */; };
		F46007271C46374C00DA6090 /* DRDAPIManagerTest.m in Sources */ = {isa = PBXBuildFile; fileRef = F46007261C46374C00DA6090 /* DRDAPIManagerTest.m */; };
		F48B0F101C45F36E0008DF58 /* Launch Screen.storyboard in Resources */ = {isa = PBXBuildFile; fileRef = F48B0F0F1C45F36E0008DF58 /* Launch Screen.storyboard */; };
		F48B0F171C45F3830008DF58 /* DRDAPIGetCall.m in Sources */ = {isa = PBXBuildFile; fileRef = F48B0F121C45F3830008DF58 /* DRDAPIGetCall.m */; };
		F48B0F181C45F3830008DF58 /* DRDAPIPostCall.m in Sources */ = {isa = PBXBuildFile; fileRef = F48B0F141C45F3830008DF58 /* DRDAPIPostCall.m */; };
		F48B0F191C45F3830008DF58 /* DRDAPIPutCall.m in Sources */ = {isa = PBXBuildFile; fileRef = F48B0F161C45F3830008DF58 /* DRDAPIPutCall.m */; };
		F48B0F3B1C46023D0008DF58 /* DRDConfigTest.m in Sources */ = {isa = PBXBuildFile; fileRef = F48B0F091C45F22A0008DF58 /* DRDConfigTest.m */; };
		F48B0F3C1C46023D0008DF58 /* DRDTestCase.m in Sources */ = {isa = PBXBuildFile; fileRef = F48B0F0B1C45F22A0008DF58 /* DRDTestCase.m */; };
		F48B0F3D1C46023D0008DF58 /* DRDAPITest.m in Sources */ = {isa = PBXBuildFile; fileRef = F48B0F081C45F22A0008DF58 /* DRDAPITest.m */; };
		F48B0F3F1C46023D0008DF58 /* XCTest.framework in Frameworks */ = {isa = PBXBuildFile; fileRef = 6003F5AF195388D20070C39A /* XCTest.framework */; };
		F48B0F401C46023D0008DF58 /* UIKit.framework in Frameworks */ = {isa = PBXBuildFile; fileRef = 6003F591195388D20070C39A /* UIKit.framework */; };
		F48B0F411C46023D0008DF58 /* Foundation.framework in Frameworks */ = {isa = PBXBuildFile; fileRef = 6003F58D195388D20070C39A /* Foundation.framework */; };
		F48B0F421C46023D0008DF58 /* libPods-DurandalNetworking_Tests.a in Frameworks */ = {isa = PBXBuildFile; fileRef = CC40C5309EEDE26CE793D059 /* libPods-DurandalNetworking_Tests.a */; };
		F48B0F441C46023D0008DF58 /* InfoPlist.strings in Resources */ = {isa = PBXBuildFile; fileRef = 6003F5B8195388D20070C39A /* InfoPlist.strings */; };
/* End PBXBuildFile section */

/* Begin PBXContainerItemProxy section */
		F48B0F381C46023D0008DF58 /* PBXContainerItemProxy */ = {
			isa = PBXContainerItemProxy;
			containerPortal = 6003F582195388D10070C39A /* Project object */;
			proxyType = 1;
			remoteGlobalIDString = 6003F589195388D20070C39A;
			remoteInfo = DurandalNetworking;
		};
/* End PBXContainerItemProxy section */

/* Begin PBXFileReference section */
		173FC2C2E9AFC52EB29383A2 /* Pods-DurandalNetworking_Example.release.xcconfig */ = {isa = PBXFileReference; includeInIndex = 1; lastKnownFileType = text.xcconfig; name = "Pods-DurandalNetworking_Example.release.xcconfig"; path = "Pods/Target Support Files/Pods-DurandalNetworking_Example/Pods-DurandalNetworking_Example.release.xcconfig"; sourceTree = "<group>"; };
		270E323F937336500F7FD773 /* Pods-DurandalNetworking_Tests.release.xcconfig */ = {isa = PBXFileReference; includeInIndex = 1; lastKnownFileType = text.xcconfig; name = "Pods-DurandalNetworking_Tests.release.xcconfig"; path = "Pods/Target Support Files/Pods-DurandalNetworking_Tests/Pods-DurandalNetworking_Tests.release.xcconfig"; sourceTree = "<group>"; };
		47850BCF60E78FDB01BD1159 /* LICENSE */ = {isa = PBXFileReference; includeInIndex = 1; lastKnownFileType = text; name = LICENSE; path = ../LICENSE; sourceTree = "<group>"; };
		6003F58A195388D20070C39A /* DurandalNetworking_Example.app */ = {isa = PBXFileReference; explicitFileType = wrapper.application; includeInIndex = 0; path = DurandalNetworking_Example.app; sourceTree = BUILT_PRODUCTS_DIR; };
		6003F58D195388D20070C39A /* Foundation.framework */ = {isa = PBXFileReference; lastKnownFileType = wrapper.framework; name = Foundation.framework; path = System/Library/Frameworks/Foundation.framework; sourceTree = SDKROOT; };
		6003F58F195388D20070C39A /* CoreGraphics.framework */ = {isa = PBXFileReference; lastKnownFileType = wrapper.framework; name = CoreGraphics.framework; path = System/Library/Frameworks/CoreGraphics.framework; sourceTree = SDKROOT; };
		6003F591195388D20070C39A /* UIKit.framework */ = {isa = PBXFileReference; lastKnownFileType = wrapper.framework; name = UIKit.framework; path = System/Library/Frameworks/UIKit.framework; sourceTree = SDKROOT; };
		6003F595195388D20070C39A /* DurandalNetworking-Info.plist */ = {isa = PBXFileReference; lastKnownFileType = text.plist.xml; path = "DurandalNetworking-Info.plist"; sourceTree = "<group>"; };
		6003F597195388D20070C39A /* en */ = {isa = PBXFileReference; lastKnownFileType = text.plist.strings; name = en; path = en.lproj/InfoPlist.strings; sourceTree = "<group>"; };
		6003F599195388D20070C39A /* main.m */ = {isa = PBXFileReference; lastKnownFileType = sourcecode.c.objc; path = main.m; sourceTree = "<group>"; };
		6003F59B195388D20070C39A /* DurandalNetworking-Prefix.pch */ = {isa = PBXFileReference; lastKnownFileType = sourcecode.c.h; path = "DurandalNetworking-Prefix.pch"; sourceTree = "<group>"; };
		6003F59C195388D20070C39A /* DRDAppDelegate.h */ = {isa = PBXFileReference; lastKnownFileType = sourcecode.c.h; path = DRDAppDelegate.h; sourceTree = "<group>"; };
		6003F59D195388D20070C39A /* DRDAppDelegate.m */ = {isa = PBXFileReference; lastKnownFileType = sourcecode.c.objc; path = DRDAppDelegate.m; sourceTree = "<group>"; };
		6003F5A5195388D20070C39A /* DRDViewController.h */ = {isa = PBXFileReference; lastKnownFileType = sourcecode.c.h; path = DRDViewController.h; sourceTree = "<group>"; };
		6003F5A6195388D20070C39A /* DRDViewController.m */ = {isa = PBXFileReference; lastKnownFileType = sourcecode.c.objc; path = DRDViewController.m; sourceTree = "<group>"; };
		6003F5A8195388D20070C39A /* Images.xcassets */ = {isa = PBXFileReference; lastKnownFileType = folder.assetcatalog; path = Images.xcassets; sourceTree = "<group>"; };
		6003F5AF195388D20070C39A /* XCTest.framework */ = {isa = PBXFileReference; lastKnownFileType = wrapper.framework; name = XCTest.framework; path = Library/Frameworks/XCTest.framework; sourceTree = DEVELOPER_DIR; };
		6003F5B7195388D20070C39A /* Tests-Info.plist */ = {isa = PBXFileReference; lastKnownFileType = text.plist.xml; path = "Tests-Info.plist"; sourceTree = "<group>"; };
		6003F5B9195388D20070C39A /* en */ = {isa = PBXFileReference; lastKnownFileType = text.plist.strings; name = en; path = en.lproj/InfoPlist.strings; sourceTree = "<group>"; };
		606FC2411953D9B200FFA9A0 /* Tests-Prefix.pch */ = {isa = PBXFileReference; lastKnownFileType = sourcecode.c.h; path = "Tests-Prefix.pch"; sourceTree = "<group>"; };
		873B8AEA1B1F5CCA007FD442 /* Main.storyboard */ = {isa = PBXFileReference; fileEncoding = 4; lastKnownFileType = file.storyboard; path = Main.storyboard; sourceTree = "<group>"; };
		A9D290030F33C3AD26666F60 /* Pods-DurandalNetworking_Example.debug.xcconfig */ = {isa = PBXFileReference; includeInIndex = 1; lastKnownFileType = text.xcconfig; name = "Pods-DurandalNetworking_Example.debug.xcconfig"; path = "Pods/Target Support Files/Pods-DurandalNetworking_Example/Pods-DurandalNetworking_Example.debug.xcconfig"; sourceTree = "<group>"; };
		B42DDEEC2AF83DB43931987C /* DurandalNetworking.podspec */ = {isa = PBXFileReference; includeInIndex = 1; lastKnownFileType = text; name = DurandalNetworking.podspec; path = ../DurandalNetworking.podspec; sourceTree = "<group>"; };
		B69E56122313B2BABCA8B6AF /* Pods-DurandalNetworking_Tests.debug.xcconfig */ = {isa = PBXFileReference; includeInIndex = 1; lastKnownFileType = text.xcconfig; name = "Pods-DurandalNetworking_Tests.debug.xcconfig"; path = "Pods/Target Support Files/Pods-DurandalNetworking_Tests/Pods-DurandalNetworking_Tests.debug.xcconfig"; sourceTree = "<group>"; };
		CC40C5309EEDE26CE793D059 /* libPods-DurandalNetworking_Tests.a */ = {isa = PBXFileReference; explicitFileType = archive.ar; includeInIndex = 0; path = "libPods-DurandalNetworking_Tests.a"; sourceTree = BUILT_PRODUCTS_DIR; };
		F1D303479C4B0844B0D8DA6D /* libPods-DurandalNetworking_Example.a */ = {isa = PBXFileReference; explicitFileType = archive.ar; includeInIndex = 0; path = "libPods-DurandalNetworking_Example.a"; sourceTree = BUILT_PRODUCTS_DIR; };
		F44629791C465E5400D60E8C /* DRDAPIBatchRequestsTest.m */ = {isa = PBXFileReference; fileEncoding = 4; lastKnownFileType = sourcecode.c.objc; path = DRDAPIBatchRequestsTest.m; sourceTree = "<group>"; };
		F446297B1C469A8700D60E8C /* DRDBaseAPITest.m */ = {isa = PBXFileReference; fileEncoding = 4; lastKnownFileType = sourcecode.c.objc; path = DRDBaseAPITest.m; sourceTree = "<group>"; };
		F44629811C46AAEF00D60E8C /* DRDJSONRPCTest.m */ = {isa = PBXFileReference; fileEncoding = 4; lastKnownFileType = sourcecode.c.objc; path = DRDJSONRPCTest.m; sourceTree = "<group>"; };
		F44629861C47404300D60E8C /* DRDJsonRpcVersionTwo.h */ = {isa = PBXFileReference; fileEncoding = 4; lastKnownFileType = sourcecode.c.h; path = DRDJsonRpcVersionTwo.h; sourceTree = "<group>"; };
		F44629871C47404300D60E8C /* DRDJsonRpcVersionTwo.m */ = {isa = PBXFileReference; fileEncoding = 4; lastKnownFileType = sourcecode.c.objc; path = DRDJsonRpcVersionTwo.m; sourceTree = "<group>"; };
		F44629891C47487E00D60E8C /* DRDJSONRPCViewController.h */ = {isa = PBXFileReference; fileEncoding = 4; lastKnownFileType = sourcecode.c.h; path = DRDJSONRPCViewController.h; sourceTree = "<group>"; };
		F446298A1C47487E00D60E8C /* DRDJSONRPCViewController.m */ = {isa = PBXFileReference; fileEncoding = 4; lastKnownFileType = sourcecode.c.objc; path = DRDJSONRPCViewController.m; sourceTree = "<group>"; };
		F46007261C46374C00DA6090 /* DRDAPIManagerTest.m */ = {isa = PBXFileReference; fileEncoding = 4; lastKnownFileType = sourcecode.c.objc; path = DRDAPIManagerTest.m; sourceTree = "<group>"; };
		F48B0F081C45F22A0008DF58 /* DRDAPITest.m */ = {isa = PBXFileReference; fileEncoding = 4; lastKnownFileType = sourcecode.c.objc; path = DRDAPITest.m; sourceTree = "<group>"; };
		F48B0F091C45F22A0008DF58 /* DRDConfigTest.m */ = {isa = PBXFileReference; fileEncoding = 4; lastKnownFileType = sourcecode.c.objc; path = DRDConfigTest.m; sourceTree = "<group>"; };
		F48B0F0A1C45F22A0008DF58 /* DRDTestCase.h */ = {isa = PBXFileReference; fileEncoding = 4; lastKnownFileType = sourcecode.c.h; path = DRDTestCase.h; sourceTree = "<group>"; };
		F48B0F0B1C45F22A0008DF58 /* DRDTestCase.m */ = {isa = PBXFileReference; fileEncoding = 4; lastKnownFileType = sourcecode.c.objc; path = DRDTestCase.m; sourceTree = "<group>"; };
		F48B0F0F1C45F36E0008DF58 /* Launch Screen.storyboard */ = {isa = PBXFileReference; fileEncoding = 4; lastKnownFileType = file.storyboard; path = "Launch Screen.storyboard"; sourceTree = "<group>"; };
		F48B0F111C45F3830008DF58 /* DRDAPIGetCall.h */ = {isa = PBXFileReference; fileEncoding = 4; lastKnownFileType = sourcecode.c.h; path = DRDAPIGetCall.h; sourceTree = "<group>"; };
		F48B0F121C45F3830008DF58 /* DRDAPIGetCall.m */ = {isa = PBXFileReference; fileEncoding = 4; lastKnownFileType = sourcecode.c.objc; path = DRDAPIGetCall.m; sourceTree = "<group>"; };
		F48B0F131C45F3830008DF58 /* DRDAPIPostCall.h */ = {isa = PBXFileReference; fileEncoding = 4; lastKnownFileType = sourcecode.c.h; path = DRDAPIPostCall.h; sourceTree = "<group>"; };
		F48B0F141C45F3830008DF58 /* DRDAPIPostCall.m */ = {isa = PBXFileReference; fileEncoding = 4; lastKnownFileType = sourcecode.c.objc; path = DRDAPIPostCall.m; sourceTree = "<group>"; };
		F48B0F151C45F3830008DF58 /* DRDAPIPutCall.h */ = {isa = PBXFileReference; fileEncoding = 4; lastKnownFileType = sourcecode.c.h; path = DRDAPIPutCall.h; sourceTree = "<group>"; };
		F48B0F161C45F3830008DF58 /* DRDAPIPutCall.m */ = {isa = PBXFileReference; fileEncoding = 4; lastKnownFileType = sourcecode.c.objc; path = DRDAPIPutCall.m; sourceTree = "<group>"; };
		F48B0F4A1C46023D0008DF58 /* DurandalNetworking_Tests.xctest */ = {isa = PBXFileReference; explicitFileType = wrapper.cfbundle; includeInIndex = 0; path = DurandalNetworking_Tests.xctest; sourceTree = BUILT_PRODUCTS_DIR; };
		F889DFE82677B56F9A6642F5 /* README.md */ = {isa = PBXFileReference; includeInIndex = 1; lastKnownFileType = net.daringfireball.markdown; name = README.md; path = ../README.md; sourceTree = "<group>"; };
/* End PBXFileReference section */

/* Begin PBXFrameworksBuildPhase section */
		6003F587195388D20070C39A /* Frameworks */ = {
			isa = PBXFrameworksBuildPhase;
			buildActionMask = 2147483647;
			files = (
				6003F590195388D20070C39A /* CoreGraphics.framework in Frameworks */,
				6003F592195388D20070C39A /* UIKit.framework in Frameworks */,
				6003F58E195388D20070C39A /* Foundation.framework in Frameworks */,
				832B2D539199818CDE594153 /* libPods-DurandalNetworking_Example.a in Frameworks */,
			);
			runOnlyForDeploymentPostprocessing = 0;
		};
		F48B0F3E1C46023D0008DF58 /* Frameworks */ = {
			isa = PBXFrameworksBuildPhase;
			buildActionMask = 2147483647;
			files = (
				F48B0F3F1C46023D0008DF58 /* XCTest.framework in Frameworks */,
				F48B0F401C46023D0008DF58 /* UIKit.framework in Frameworks */,
				F48B0F411C46023D0008DF58 /* Foundation.framework in Frameworks */,
				F48B0F421C46023D0008DF58 /* libPods-DurandalNetworking_Tests.a in Frameworks */,
			);
			runOnlyForDeploymentPostprocessing = 0;
		};
/* End PBXFrameworksBuildPhase section */

/* Begin PBXGroup section */
		6003F581195388D10070C39A = {
			isa = PBXGroup;
			children = (
				60FF7A9C1954A5C5007DD14C /* Podspec Metadata */,
				6003F593195388D20070C39A /* Example for DurandalNetworking */,
				6003F5B5195388D20070C39A /* Tests */,
				6003F58C195388D20070C39A /* Frameworks */,
				6003F58B195388D20070C39A /* Products */,
				A094269C0B103724E50D9207 /* Pods */,
			);
			sourceTree = "<group>";
		};
		6003F58B195388D20070C39A /* Products */ = {
			isa = PBXGroup;
			children = (
				6003F58A195388D20070C39A /* DurandalNetworking_Example.app */,
				F48B0F4A1C46023D0008DF58 /* DurandalNetworking_Tests.xctest */,
			);
			name = Products;
			sourceTree = "<group>";
		};
		6003F58C195388D20070C39A /* Frameworks */ = {
			isa = PBXGroup;
			children = (
				6003F58D195388D20070C39A /* Foundation.framework */,
				6003F58F195388D20070C39A /* CoreGraphics.framework */,
				6003F591195388D20070C39A /* UIKit.framework */,
				6003F5AF195388D20070C39A /* XCTest.framework */,
				F1D303479C4B0844B0D8DA6D /* libPods-DurandalNetworking_Example.a */,
				CC40C5309EEDE26CE793D059 /* libPods-DurandalNetworking_Tests.a */,
			);
			name = Frameworks;
			sourceTree = "<group>";
		};
		6003F593195388D20070C39A /* Example for DurandalNetworking */ = {
			isa = PBXGroup;
			children = (
				6003F59C195388D20070C39A /* DRDAppDelegate.h */,
				6003F59D195388D20070C39A /* DRDAppDelegate.m */,
				873B8AEA1B1F5CCA007FD442 /* Main.storyboard */,
				F48B0F0F1C45F36E0008DF58 /* Launch Screen.storyboard */,
				6003F5A5195388D20070C39A /* DRDViewController.h */,
				6003F5A6195388D20070C39A /* DRDViewController.m */,
				F44629891C47487E00D60E8C /* DRDJSONRPCViewController.h */,
				F446298A1C47487E00D60E8C /* DRDJSONRPCViewController.m */,
				F48B0F111C45F3830008DF58 /* DRDAPIGetCall.h */,
				F48B0F121C45F3830008DF58 /* DRDAPIGetCall.m */,
				F48B0F131C45F3830008DF58 /* DRDAPIPostCall.h */,
				F48B0F141C45F3830008DF58 /* DRDAPIPostCall.m */,
				F48B0F151C45F3830008DF58 /* DRDAPIPutCall.h */,
				F48B0F161C45F3830008DF58 /* DRDAPIPutCall.m */,
				F44629861C47404300D60E8C /* DRDJsonRpcVersionTwo.h */,
				F44629871C47404300D60E8C /* DRDJsonRpcVersionTwo.m */,
				6003F5A8195388D20070C39A /* Images.xcassets */,
				6003F594195388D20070C39A /* Supporting Files */,
			);
			name = "Example for DurandalNetworking";
			path = DurandalNetworking;
			sourceTree = "<group>";
		};
		6003F594195388D20070C39A /* Supporting Files */ = {
			isa = PBXGroup;
			children = (
				6003F595195388D20070C39A /* DurandalNetworking-Info.plist */,
				6003F596195388D20070C39A /* InfoPlist.strings */,
				6003F599195388D20070C39A /* main.m */,
				6003F59B195388D20070C39A /* DurandalNetworking-Prefix.pch */,
			);
			name = "Supporting Files";
			sourceTree = "<group>";
		};
		6003F5B5195388D20070C39A /* Tests */ = {
			isa = PBXGroup;
			children = (
				F446297B1C469A8700D60E8C /* DRDBaseAPITest.m */,
				F44629811C46AAEF00D60E8C /* DRDJSONRPCTest.m */,
				F44629791C465E5400D60E8C /* DRDAPIBatchRequestsTest.m */,
				F48B0F081C45F22A0008DF58 /* DRDAPITest.m */,
				F46007261C46374C00DA6090 /* DRDAPIManagerTest.m */,
				F48B0F091C45F22A0008DF58 /* DRDConfigTest.m */,
				F48B0F0A1C45F22A0008DF58 /* DRDTestCase.h */,
				F48B0F0B1C45F22A0008DF58 /* DRDTestCase.m */,
				6003F5B6195388D20070C39A /* Supporting Files */,
			);
			path = Tests;
			sourceTree = "<group>";
		};
		6003F5B6195388D20070C39A /* Supporting Files */ = {
			isa = PBXGroup;
			children = (
				6003F5B7195388D20070C39A /* Tests-Info.plist */,
				6003F5B8195388D20070C39A /* InfoPlist.strings */,
				606FC2411953D9B200FFA9A0 /* Tests-Prefix.pch */,
			);
			name = "Supporting Files";
			sourceTree = "<group>";
		};
		60FF7A9C1954A5C5007DD14C /* Podspec Metadata */ = {
			isa = PBXGroup;
			children = (
				B42DDEEC2AF83DB43931987C /* DurandalNetworking.podspec */,
				F889DFE82677B56F9A6642F5 /* README.md */,
				47850BCF60E78FDB01BD1159 /* LICENSE */,
			);
			name = "Podspec Metadata";
			sourceTree = "<group>";
		};
		A094269C0B103724E50D9207 /* Pods */ = {
			isa = PBXGroup;
			children = (
				A9D290030F33C3AD26666F60 /* Pods-DurandalNetworking_Example.debug.xcconfig */,
				173FC2C2E9AFC52EB29383A2 /* Pods-DurandalNetworking_Example.release.xcconfig */,
				B69E56122313B2BABCA8B6AF /* Pods-DurandalNetworking_Tests.debug.xcconfig */,
				270E323F937336500F7FD773 /* Pods-DurandalNetworking_Tests.release.xcconfig */,
			);
			name = Pods;
			sourceTree = "<group>";
		};
/* End PBXGroup section */

/* Begin PBXNativeTarget section */
		6003F589195388D20070C39A /* DurandalNetworking_Example */ = {
			isa = PBXNativeTarget;
			buildConfigurationList = 6003F5BF195388D20070C39A /* Build configuration list for PBXNativeTarget "DurandalNetworking_Example" */;
			buildPhases = (
				57231E10C9E22B008E568E93 /* Check Pods Manifest.lock */,
				6003F586195388D20070C39A /* Sources */,
				6003F587195388D20070C39A /* Frameworks */,
				6003F588195388D20070C39A /* Resources */,
				98BDF30C25948AC749E51F67 /* Embed Pods Frameworks */,
				6BBD6A20E50E46A8CFC1C336 /* Copy Pods Resources */,
			);
			buildRules = (
			);
			dependencies = (
			);
			name = DurandalNetworking_Example;
			productName = DurandalNetworking;
			productReference = 6003F58A195388D20070C39A /* DurandalNetworking_Example.app */;
			productType = "com.apple.product-type.application";
		};
		F48B0F361C46023D0008DF58 /* DurandalNetworking_Tests */ = {
			isa = PBXNativeTarget;
			buildConfigurationList = F48B0F471C46023D0008DF58 /* Build configuration list for PBXNativeTarget "DurandalNetworking_Tests" */;
			buildPhases = (
				F48B0F391C46023D0008DF58 /* Check Pods Manifest.lock */,
				F48B0F3A1C46023D0008DF58 /* Sources */,
				F48B0F3E1C46023D0008DF58 /* Frameworks */,
				F48B0F431C46023D0008DF58 /* Resources */,
				F48B0F451C46023D0008DF58 /* Embed Pods Frameworks */,
				F48B0F461C46023D0008DF58 /* Copy Pods Resources */,
			);
			buildRules = (
			);
			dependencies = (
				F48B0F371C46023D0008DF58 /* PBXTargetDependency */,
			);
			name = DurandalNetworking_Tests;
			productName = DurandalNetworkingTests;
			productReference = F48B0F4A1C46023D0008DF58 /* DurandalNetworking_Tests.xctest */;
			productType = "com.apple.product-type.bundle.unit-test";
		};
/* End PBXNativeTarget section */

/* Begin PBXProject section */
		6003F582195388D10070C39A /* Project object */ = {
			isa = PBXProject;
			attributes = {
				CLASSPREFIX = DRD;
				LastUpgradeCheck = 0720;
				ORGANIZATIONNAME = cendywang;
			};
			buildConfigurationList = 6003F585195388D10070C39A /* Build configuration list for PBXProject "DurandalNetworking" */;
			compatibilityVersion = "Xcode 3.2";
			developmentRegion = English;
			hasScannedForEncodings = 0;
			knownRegions = (
				en,
				Base,
			);
			mainGroup = 6003F581195388D10070C39A;
			productRefGroup = 6003F58B195388D20070C39A /* Products */;
			projectDirPath = "";
			projectRoot = "";
			targets = (
				6003F589195388D20070C39A /* DurandalNetworking_Example */,
				F48B0F361C46023D0008DF58 /* DurandalNetworking_Tests */,
			);
		};
/* End PBXProject section */

/* Begin PBXResourcesBuildPhase section */
		6003F588195388D20070C39A /* Resources */ = {
			isa = PBXResourcesBuildPhase;
			buildActionMask = 2147483647;
			files = (
				873B8AEB1B1F5CCA007FD442 /* Main.storyboard in Resources */,
				6003F5A9195388D20070C39A /* Images.xcassets in Resources */,
				F48B0F101C45F36E0008DF58 /* Launch Screen.storyboard in Resources */,
				6003F598195388D20070C39A /* InfoPlist.strings in Resources */,
			);
			runOnlyForDeploymentPostprocessing = 0;
		};
		F48B0F431C46023D0008DF58 /* Resources */ = {
			isa = PBXResourcesBuildPhase;
			buildActionMask = 2147483647;
			files = (
				F48B0F441C46023D0008DF58 /* InfoPlist.strings in Resources */,
			);
			runOnlyForDeploymentPostprocessing = 0;
		};
/* End PBXResourcesBuildPhase section */

/* Begin PBXShellScriptBuildPhase section */
		57231E10C9E22B008E568E93 /* Check Pods Manifest.lock */ = {
			isa = PBXShellScriptBuildPhase;
			buildActionMask = 2147483647;
			files = (
			);
			inputPaths = (
			);
			name = "Check Pods Manifest.lock";
			outputPaths = (
			);
			runOnlyForDeploymentPostprocessing = 0;
			shellPath = /bin/sh;
			shellScript = "diff \"${PODS_ROOT}/../Podfile.lock\" \"${PODS_ROOT}/Manifest.lock\" > /dev/null\nif [[ $? != 0 ]] ; then\n    cat << EOM\nerror: The sandbox is not in sync with the Podfile.lock. Run 'pod install' or update your CocoaPods installation.\nEOM\n    exit 1\nfi\n";
			showEnvVarsInLog = 0;
		};
		6BBD6A20E50E46A8CFC1C336 /* Copy Pods Resources */ = {
			isa = PBXShellScriptBuildPhase;
			buildActionMask = 2147483647;
			files = (
			);
			inputPaths = (
			);
			name = "Copy Pods Resources";
			outputPaths = (
			);
			runOnlyForDeploymentPostprocessing = 0;
			shellPath = /bin/sh;
			shellScript = "\"${SRCROOT}/Pods/Target Support Files/Pods-DurandalNetworking_Example/Pods-DurandalNetworking_Example-resources.sh\"\n";
			showEnvVarsInLog = 0;
		};
		98BDF30C25948AC749E51F67 /* Embed Pods Frameworks */ = {
			isa = PBXShellScriptBuildPhase;
			buildActionMask = 2147483647;
			files = (
			);
			inputPaths = (
			);
			name = "Embed Pods Frameworks";
			outputPaths = (
			);
			runOnlyForDeploymentPostprocessing = 0;
			shellPath = /bin/sh;
			shellScript = "\"${SRCROOT}/Pods/Target Support Files/Pods-DurandalNetworking_Example/Pods-DurandalNetworking_Example-frameworks.sh\"\n";
			showEnvVarsInLog = 0;
		};
		F48B0F391C46023D0008DF58 /* Check Pods Manifest.lock */ = {
			isa = PBXShellScriptBuildPhase;
			buildActionMask = 2147483647;
			files = (
			);
			inputPaths = (
			);
			name = "Check Pods Manifest.lock";
			outputPaths = (
			);
			runOnlyForDeploymentPostprocessing = 0;
			shellPath = /bin/sh;
			shellScript = "diff \"${PODS_ROOT}/../Podfile.lock\" \"${PODS_ROOT}/Manifest.lock\" > /dev/null\nif [[ $? != 0 ]] ; then\n    cat << EOM\nerror: The sandbox is not in sync with the Podfile.lock. Run 'pod install' or update your CocoaPods installation.\nEOM\n    exit 1\nfi\n";
			showEnvVarsInLog = 0;
		};
		F48B0F451C46023D0008DF58 /* Embed Pods Frameworks */ = {
			isa = PBXShellScriptBuildPhase;
			buildActionMask = 2147483647;
			files = (
			);
			inputPaths = (
			);
			name = "Embed Pods Frameworks";
			outputPaths = (
			);
			runOnlyForDeploymentPostprocessing = 0;
			shellPath = /bin/sh;
			shellScript = "\"${SRCROOT}/Pods/Target Support Files/Pods-DurandalNetworking_Tests/Pods-DurandalNetworking_Tests-frameworks.sh\"\n";
			showEnvVarsInLog = 0;
		};
		F48B0F461C46023D0008DF58 /* Copy Pods Resources */ = {
			isa = PBXShellScriptBuildPhase;
			buildActionMask = 2147483647;
			files = (
			);
			inputPaths = (
			);
			name = "Copy Pods Resources";
			outputPaths = (
			);
			runOnlyForDeploymentPostprocessing = 0;
			shellPath = /bin/sh;
			shellScript = "\"${SRCROOT}/Pods/Target Support Files/Pods-DurandalNetworking_Tests/Pods-DurandalNetworking_Tests-resources.sh\"\n";
			showEnvVarsInLog = 0;
		};
/* End PBXShellScriptBuildPhase section */

/* Begin PBXSourcesBuildPhase section */
		6003F586195388D20070C39A /* Sources */ = {
			isa = PBXSourcesBuildPhase;
			buildActionMask = 2147483647;
			files = (
				6003F59E195388D20070C39A /* DRDAppDelegate.m in Sources */,
				F44629881C47404300D60E8C /* DRDJsonRpcVersionTwo.m in Sources */,
				6003F5A7195388D20070C39A /* DRDViewController.m in Sources */,
				F48B0F171C45F3830008DF58 /* DRDAPIGetCall.m in Sources */,
				F48B0F191C45F3830008DF58 /* DRDAPIPutCall.m in Sources */,
				F446298B1C47487E00D60E8C /* DRDJSONRPCViewController.m in Sources */,
				F48B0F181C45F3830008DF58 /* DRDAPIPostCall.m in Sources */,
				6003F59A195388D20070C39A /* main.m in Sources */,
			);
			runOnlyForDeploymentPostprocessing = 0;
		};
		F48B0F3A1C46023D0008DF58 /* Sources */ = {
			isa = PBXSourcesBuildPhase;
			buildActionMask = 2147483647;
			files = (
				F48B0F3B1C46023D0008DF58 /* DRDConfigTest.m in Sources */,
				F446297A1C465E5400D60E8C /* DRDAPIBatchRequestsTest.m in Sources */,
				F446297C1C469A8700D60E8C /* DRDBaseAPITest.m in Sources */,
				F46007271C46374C00DA6090 /* DRDAPIManagerTest.m in Sources */,
				F44629821C46AAEF00D60E8C /* DRDJSONRPCTest.m in Sources */,
				F48B0F3C1C46023D0008DF58 /* DRDTestCase.m in Sources */,
				F48B0F3D1C46023D0008DF58 /* DRDAPITest.m in Sources */,
			);
			runOnlyForDeploymentPostprocessing = 0;
		};
/* End PBXSourcesBuildPhase section */

/* Begin PBXTargetDependency section */
		F48B0F371C46023D0008DF58 /* PBXTargetDependency */ = {
			isa = PBXTargetDependency;
			target = 6003F589195388D20070C39A /* DurandalNetworking_Example */;
			targetProxy = F48B0F381C46023D0008DF58 /* PBXContainerItemProxy */;
		};
/* End PBXTargetDependency section */

/* Begin PBXVariantGroup section */
		6003F596195388D20070C39A /* InfoPlist.strings */ = {
			isa = PBXVariantGroup;
			children = (
				6003F597195388D20070C39A /* en */,
			);
			name = InfoPlist.strings;
			sourceTree = "<group>";
		};
		6003F5B8195388D20070C39A /* InfoPlist.strings */ = {
			isa = PBXVariantGroup;
			children = (
				6003F5B9195388D20070C39A /* en */,
			);
			name = InfoPlist.strings;
			sourceTree = "<group>";
		};
/* End PBXVariantGroup section */

/* Begin XCBuildConfiguration section */
		6003F5BD195388D20070C39A /* Debug */ = {
			isa = XCBuildConfiguration;
			buildSettings = {
				ALWAYS_SEARCH_USER_PATHS = NO;
				CLANG_CXX_LANGUAGE_STANDARD = "gnu++0x";
				CLANG_CXX_LIBRARY = "libc++";
				CLANG_ENABLE_MODULES = YES;
				CLANG_ENABLE_OBJC_ARC = YES;
				CLANG_WARN_BOOL_CONVERSION = YES;
				CLANG_WARN_CONSTANT_CONVERSION = YES;
				CLANG_WARN_DIRECT_OBJC_ISA_USAGE = YES_ERROR;
				CLANG_WARN_EMPTY_BODY = YES;
				CLANG_WARN_ENUM_CONVERSION = YES;
				CLANG_WARN_INT_CONVERSION = YES;
				CLANG_WARN_OBJC_ROOT_CLASS = YES_ERROR;
				CLANG_WARN__DUPLICATE_METHOD_MATCH = YES;
				"CODE_SIGN_IDENTITY[sdk=iphoneos*]" = "iPhone Developer";
				COPY_PHASE_STRIP = NO;
				ENABLE_TESTABILITY = YES;
				GCC_C_LANGUAGE_STANDARD = gnu99;
				GCC_DYNAMIC_NO_PIC = NO;
				GCC_OPTIMIZATION_LEVEL = 0;
				GCC_PREPROCESSOR_DEFINITIONS = (
					"DEBUG=1",
					"$(inherited)",
				);
				GCC_SYMBOLS_PRIVATE_EXTERN = NO;
				GCC_WARN_64_TO_32_BIT_CONVERSION = YES;
				GCC_WARN_ABOUT_RETURN_TYPE = YES_ERROR;
				GCC_WARN_UNDECLARED_SELECTOR = YES;
				GCC_WARN_UNINITIALIZED_AUTOS = YES_AGGRESSIVE;
				GCC_WARN_UNUSED_FUNCTION = YES;
				GCC_WARN_UNUSED_VARIABLE = YES;
				IPHONEOS_DEPLOYMENT_TARGET = 7.1;
				ONLY_ACTIVE_ARCH = YES;
				SDKROOT = iphoneos;
				TARGETED_DEVICE_FAMILY = "1,2";
			};
			name = Debug;
		};
		6003F5BE195388D20070C39A /* Release */ = {
			isa = XCBuildConfiguration;
			buildSettings = {
				ALWAYS_SEARCH_USER_PATHS = NO;
				CLANG_CXX_LANGUAGE_STANDARD = "gnu++0x";
				CLANG_CXX_LIBRARY = "libc++";
				CLANG_ENABLE_MODULES = YES;
				CLANG_ENABLE_OBJC_ARC = YES;
				CLANG_WARN_BOOL_CONVERSION = YES;
				CLANG_WARN_CONSTANT_CONVERSION = YES;
				CLANG_WARN_DIRECT_OBJC_ISA_USAGE = YES_ERROR;
				CLANG_WARN_EMPTY_BODY = YES;
				CLANG_WARN_ENUM_CONVERSION = YES;
				CLANG_WARN_INT_CONVERSION = YES;
				CLANG_WARN_OBJC_ROOT_CLASS = YES_ERROR;
				CLANG_WARN__DUPLICATE_METHOD_MATCH = YES;
				"CODE_SIGN_IDENTITY[sdk=iphoneos*]" = "iPhone Developer";
				COPY_PHASE_STRIP = YES;
				ENABLE_NS_ASSERTIONS = NO;
				GCC_C_LANGUAGE_STANDARD = gnu99;
				GCC_WARN_64_TO_32_BIT_CONVERSION = YES;
				GCC_WARN_ABOUT_RETURN_TYPE = YES_ERROR;
				GCC_WARN_UNDECLARED_SELECTOR = YES;
				GCC_WARN_UNINITIALIZED_AUTOS = YES_AGGRESSIVE;
				GCC_WARN_UNUSED_FUNCTION = YES;
				GCC_WARN_UNUSED_VARIABLE = YES;
				IPHONEOS_DEPLOYMENT_TARGET = 7.1;
				SDKROOT = iphoneos;
				TARGETED_DEVICE_FAMILY = "1,2";
				VALIDATE_PRODUCT = YES;
			};
			name = Release;
		};
		6003F5C0195388D20070C39A /* Debug */ = {
			isa = XCBuildConfiguration;
			baseConfigurationReference = A9D290030F33C3AD26666F60 /* Pods-DurandalNetworking_Example.debug.xcconfig */;
			buildSettings = {
				ASSETCATALOG_COMPILER_APPICON_NAME = AppIcon;
				ASSETCATALOG_COMPILER_LAUNCHIMAGE_NAME = LaunchImage;
				CODE_SIGN_IDENTITY = "";
				GCC_PRECOMPILE_PREFIX_HEADER = YES;
				GCC_PREFIX_HEADER = "DurandalNetworking/DurandalNetworking-Prefix.pch";
				INFOPLIST_FILE = "DurandalNetworking/DurandalNetworking-Info.plist";
				MODULE_NAME = ExampleApp;
				PRODUCT_BUNDLE_IDENTIFIER = "org.cocoapods.demo.${PRODUCT_NAME:rfc1034identifier}";
				PRODUCT_NAME = "$(TARGET_NAME)";
				TARGETED_DEVICE_FAMILY = 1;
				WRAPPER_EXTENSION = app;
			};
			name = Debug;
		};
		6003F5C1195388D20070C39A /* Release */ = {
			isa = XCBuildConfiguration;
			baseConfigurationReference = 173FC2C2E9AFC52EB29383A2 /* Pods-DurandalNetworking_Example.release.xcconfig */;
			buildSettings = {
				ASSETCATALOG_COMPILER_APPICON_NAME = AppIcon;
				ASSETCATALOG_COMPILER_LAUNCHIMAGE_NAME = LaunchImage;
				CODE_SIGN_IDENTITY = "";
				GCC_PRECOMPILE_PREFIX_HEADER = YES;
				GCC_PREFIX_HEADER = "DurandalNetworking/DurandalNetworking-Prefix.pch";
				INFOPLIST_FILE = "DurandalNetworking/DurandalNetworking-Info.plist";
				MODULE_NAME = ExampleApp;
				PRODUCT_BUNDLE_IDENTIFIER = "org.cocoapods.demo.${PRODUCT_NAME:rfc1034identifier}";
				PRODUCT_NAME = "$(TARGET_NAME)";
				TARGETED_DEVICE_FAMILY = 1;
				WRAPPER_EXTENSION = app;
			};
			name = Release;
		};
		F48B0F481C46023D0008DF58 /* Debug */ = {
			isa = XCBuildConfiguration;
			baseConfigurationReference = B69E56122313B2BABCA8B6AF /* Pods-DurandalNetworking_Tests.debug.xcconfig */;
			buildSettings = {
				BUNDLE_LOADER = "$(TEST_HOST)";
				FRAMEWORK_SEARCH_PATHS = "$(inherited)";
				GCC_PRECOMPILE_PREFIX_HEADER = YES;
				GCC_PREFIX_HEADER = "Tests/Tests-Prefix.pch";
				GCC_PREPROCESSOR_DEFINITIONS = (
					"DEBUG=1",
					"$(inherited)",
				);
				INFOPLIST_FILE = "Tests/Tests-Info.plist";
				PRODUCT_BUNDLE_IDENTIFIER = "org.cocoapods.demo.${PRODUCT_NAME:rfc1034identifier}";
				PRODUCT_NAME = "$(TARGET_NAME)";
				TEST_HOST = "$(BUILT_PRODUCTS_DIR)/DurandalNetworking_Example.app/DurandalNetworking_Example";
				WRAPPER_EXTENSION = xctest;
			};
			name = Debug;
		};
		F48B0F491C46023D0008DF58 /* Release */ = {
			isa = XCBuildConfiguration;
			baseConfigurationReference = 270E323F937336500F7FD773 /* Pods-DurandalNetworking_Tests.release.xcconfig */;
			buildSettings = {
				BUNDLE_LOADER = "$(TEST_HOST)";
				FRAMEWORK_SEARCH_PATHS = "$(inherited)";
				GCC_PRECOMPILE_PREFIX_HEADER = YES;
				GCC_PREFIX_HEADER = "Tests/Tests-Prefix.pch";
				INFOPLIST_FILE = "Tests/Tests-Info.plist";
				PRODUCT_BUNDLE_IDENTIFIER = "org.cocoapods.demo.${PRODUCT_NAME:rfc1034identifier}";
				PRODUCT_NAME = "$(TARGET_NAME)";
				TEST_HOST = "$(BUILT_PRODUCTS_DIR)/DurandalNetworking_Example.app/DurandalNetworking_Example";
				WRAPPER_EXTENSION = xctest;
			};
			name = Release;
		};
/* End XCBuildConfiguration section */

/* Begin XCConfigurationList section */
		6003F585195388D10070C39A /* Build configuration list for PBXProject "DurandalNetworking" */ = {
			isa = XCConfigurationList;
			buildConfigurations = (
				6003F5BD195388D20070C39A /* Debug */,
				6003F5BE195388D20070C39A /* Release */,
			);
			defaultConfigurationIsVisible = 0;
			defaultConfigurationName = Release;
		};
		6003F5BF195388D20070C39A /* Build configuration list for PBXNativeTarget "DurandalNetworking_Example" */ = {
			isa = XCConfigurationList;
			buildConfigurations = (
				6003F5C0195388D20070C39A /* Debug */,
				6003F5C1195388D20070C39A /* Release */,
			);
			defaultConfigurationIsVisible = 0;
			defaultConfigurationName = Release;
		};
		F48B0F471C46023D0008DF58 /* Build configuration list for PBXNativeTarget "DurandalNetworking_Tests" */ = {
			isa = XCConfigurationList;
			buildConfigurations = (
				F48B0F481C46023D0008DF58 /* Debug */,
				F48B0F491C46023D0008DF58 /* Release */,
			);
			defaultConfigurationIsVisible = 0;
			defaultConfigurationName = Release;
		};
/* End XCConfigurationList section */
	};
	rootObject = 6003F582195388D10070C39A /* Project object */;
}
